
Microsoft Visual Studio Solution File, Format Version 12.00
# Visual Studio Version 16
VisualStudioVersion = 16.6.30114.105
MinimumVisualStudioVersion = 10.0.40219.1
Project("{2150E333-8FDC-42A3-9474-1A3956D46DE8}") = "src", "src", "{4A267DF3-5C1D-47A0-B1FB-FBEB83E2C658}"
EndProject
Project("{FAE04EC0-301F-11D3-BF4B-00C04F79EFBC}") = "ClinicaOnline.Application", "src\ClinicaOnline.Application\ClinicaOnline.Application.csproj", "{EA26C183-068A-4551-99DE-C452C5590CBD}"
EndProject
Project("{FAE04EC0-301F-11D3-BF4B-00C04F79EFBC}") = "ClinicaOnline.Core", "src\ClinicaOnline.Core\ClinicaOnline.Core.csproj", "{559766DA-23B2-4B5F-AC37-8C101CDE9EA4}"
EndProject
Project("{FAE04EC0-301F-11D3-BF4B-00C04F79EFBC}") = "ClinicaOnline.Infrastructure", "src\ClinicaOnline.Infrastructure\ClinicaOnline.Infrastructure.csproj", "{E30B89A5-A989-4EF7-8E44-A2E8DC6F9F32}"
EndProject
Project("{FAE04EC0-301F-11D3-BF4B-00C04F79EFBC}") = "ClinicaOnline.Web", "src\ClinicaOnline.Web\ClinicaOnline.Web.csproj", "{367241DC-4F05-4D75-B7F2-7C75B5919631}"
EndProject
Project("{2150E333-8FDC-42A3-9474-1A3956D46DE8}") = "test", "test", "{E2936A4E-7EA8-4F3F-8E5F-34C84848CC5F}"
EndProject
Project("{FAE04EC0-301F-11D3-BF4B-00C04F79EFBC}") = "ClinicaOnline.Infrastructure.Tests", "test\ClinicaOnline.Infrastructure.Tests\ClinicaOnline.Infrastructure.Tests.csproj", "{0000B788-C206-4B81-AAB1-19E7753BC12C}"
EndProject
Project("{FAE04EC0-301F-11D3-BF4B-00C04F79EFBC}") = "ClinicaOnline.Application.Tests", "test\ClinicaOnline.Application.Tests\ClinicaOnline.Application.Tests.csproj", "{05D960C9-36B7-4C93-9DA7-7AF671668E38}"
EndProject
Project("{FAE04EC0-301F-11D3-BF4B-00C04F79EFBC}") = "ClinicaOnline.Domain", "src\ClinicaOnline.Domain\ClinicaOnline.Domain.csproj", "{84588E82-CC8A-405D-B5F9-A4774E861A3B}"
EndProject
Global
	GlobalSection(SolutionConfigurationPlatforms) = preSolution
		Debug|Any CPU = Debug|Any CPU
		Debug|x64 = Debug|x64
		Debug|x86 = Debug|x86
		Release|Any CPU = Release|Any CPU
		Release|x64 = Release|x64
		Release|x86 = Release|x86
	EndGlobalSection
	GlobalSection(SolutionProperties) = preSolution
		HideSolutionNode = FALSE
	EndGlobalSection
	GlobalSection(ProjectConfigurationPlatforms) = postSolution
		{EA26C183-068A-4551-99DE-C452C5590CBD}.Debug|Any CPU.ActiveCfg = Debug|Any CPU
		{EA26C183-068A-4551-99DE-C452C5590CBD}.Debug|Any CPU.Build.0 = Debug|Any CPU
		{EA26C183-068A-4551-99DE-C452C5590CBD}.Debug|x64.ActiveCfg = Debug|Any CPU
		{EA26C183-068A-4551-99DE-C452C5590CBD}.Debug|x64.Build.0 = Debug|Any CPU
		{EA26C183-068A-4551-99DE-C452C5590CBD}.Debug|x86.ActiveCfg = Debug|Any CPU
		{EA26C183-068A-4551-99DE-C452C5590CBD}.Debug|x86.Build.0 = Debug|Any CPU
		{EA26C183-068A-4551-99DE-C452C5590CBD}.Release|Any CPU.ActiveCfg = Release|Any CPU
		{EA26C183-068A-4551-99DE-C452C5590CBD}.Release|Any CPU.Build.0 = Release|Any CPU
		{EA26C183-068A-4551-99DE-C452C5590CBD}.Release|x64.ActiveCfg = Release|Any CPU
		{EA26C183-068A-4551-99DE-C452C5590CBD}.Release|x64.Build.0 = Release|Any CPU
		{EA26C183-068A-4551-99DE-C452C5590CBD}.Release|x86.ActiveCfg = Release|Any CPU
		{EA26C183-068A-4551-99DE-C452C5590CBD}.Release|x86.Build.0 = Release|Any CPU
		{559766DA-23B2-4B5F-AC37-8C101CDE9EA4}.Debug|Any CPU.ActiveCfg = Debug|Any CPU
		{559766DA-23B2-4B5F-AC37-8C101CDE9EA4}.Debug|Any CPU.Build.0 = Debug|Any CPU
		{559766DA-23B2-4B5F-AC37-8C101CDE9EA4}.Debug|x64.ActiveCfg = Debug|Any CPU
		{559766DA-23B2-4B5F-AC37-8C101CDE9EA4}.Debug|x64.Build.0 = Debug|Any CPU
		{559766DA-23B2-4B5F-AC37-8C101CDE9EA4}.Debug|x86.ActiveCfg = Debug|Any CPU
		{559766DA-23B2-4B5F-AC37-8C101CDE9EA4}.Debug|x86.Build.0 = Debug|Any CPU
		{559766DA-23B2-4B5F-AC37-8C101CDE9EA4}.Release|Any CPU.ActiveCfg = Release|Any CPU
		{559766DA-23B2-4B5F-AC37-8C101CDE9EA4}.Release|Any CPU.Build.0 = Release|Any CPU
		{559766DA-23B2-4B5F-AC37-8C101CDE9EA4}.Release|x64.ActiveCfg = Release|Any CPU
		{559766DA-23B2-4B5F-AC37-8C101CDE9EA4}.Release|x64.Build.0 = Release|Any CPU
		{559766DA-23B2-4B5F-AC37-8C101CDE9EA4}.Release|x86.ActiveCfg = Release|Any CPU
		{559766DA-23B2-4B5F-AC37-8C101CDE9EA4}.Release|x86.Build.0 = Release|Any CPU
		{E30B89A5-A989-4EF7-8E44-A2E8DC6F9F32}.Debug|Any CPU.ActiveCfg = Debug|Any CPU
		{E30B89A5-A989-4EF7-8E44-A2E8DC6F9F32}.Debug|Any CPU.Build.0 = Debug|Any CPU
		{E30B89A5-A989-4EF7-8E44-A2E8DC6F9F32}.Debug|x64.ActiveCfg = Debug|Any CPU
		{E30B89A5-A989-4EF7-8E44-A2E8DC6F9F32}.Debug|x64.Build.0 = Debug|Any CPU
		{E30B89A5-A989-4EF7-8E44-A2E8DC6F9F32}.Debug|x86.ActiveCfg = Debug|Any CPU
		{E30B89A5-A989-4EF7-8E44-A2E8DC6F9F32}.Debug|x86.Build.0 = Debug|Any CPU
		{E30B89A5-A989-4EF7-8E44-A2E8DC6F9F32}.Release|Any CPU.ActiveCfg = Release|Any CPU
		{E30B89A5-A989-4EF7-8E44-A2E8DC6F9F32}.Release|Any CPU.Build.0 = Release|Any CPU
		{E30B89A5-A989-4EF7-8E44-A2E8DC6F9F32}.Release|x64.ActiveCfg = Release|Any CPU
		{E30B89A5-A989-4EF7-8E44-A2E8DC6F9F32}.Release|x64.Build.0 = Release|Any CPU
		{E30B89A5-A989-4EF7-8E44-A2E8DC6F9F32}.Release|x86.ActiveCfg = Release|Any CPU
		{E30B89A5-A989-4EF7-8E44-A2E8DC6F9F32}.Release|x86.Build.0 = Release|Any CPU
		{367241DC-4F05-4D75-B7F2-7C75B5919631}.Debug|Any CPU.ActiveCfg = Debug|Any CPU
		{367241DC-4F05-4D75-B7F2-7C75B5919631}.Debug|Any CPU.Build.0 = Debug|Any CPU
		{367241DC-4F05-4D75-B7F2-7C75B5919631}.Debug|x64.ActiveCfg = Debug|Any CPU
		{367241DC-4F05-4D75-B7F2-7C75B5919631}.Debug|x64.Build.0 = Debug|Any CPU
		{367241DC-4F05-4D75-B7F2-7C75B5919631}.Debug|x86.ActiveCfg = Debug|Any CPU
		{367241DC-4F05-4D75-B7F2-7C75B5919631}.Debug|x86.Build.0 = Debug|Any CPU
		{367241DC-4F05-4D75-B7F2-7C75B5919631}.Release|Any CPU.ActiveCfg = Release|Any CPU
		{367241DC-4F05-4D75-B7F2-7C75B5919631}.Release|Any CPU.Build.0 = Release|Any CPU
		{367241DC-4F05-4D75-B7F2-7C75B5919631}.Release|x64.ActiveCfg = Release|Any CPU
		{367241DC-4F05-4D75-B7F2-7C75B5919631}.Release|x64.Build.0 = Release|Any CPU
		{367241DC-4F05-4D75-B7F2-7C75B5919631}.Release|x86.ActiveCfg = Release|Any CPU
		{367241DC-4F05-4D75-B7F2-7C75B5919631}.Release|x86.Build.0 = Release|Any CPU
		{0000B788-C206-4B81-AAB1-19E7753BC12C}.Debug|Any CPU.ActiveCfg = Debug|Any CPU
		{0000B788-C206-4B81-AAB1-19E7753BC12C}.Debug|Any CPU.Build.0 = Debug|Any CPU
		{0000B788-C206-4B81-AAB1-19E7753BC12C}.Debug|x64.ActiveCfg = Debug|Any CPU
		{0000B788-C206-4B81-AAB1-19E7753BC12C}.Debug|x64.Build.0 = Debug|Any CPU
		{0000B788-C206-4B81-AAB1-19E7753BC12C}.Debug|x86.ActiveCfg = Debug|Any CPU
		{0000B788-C206-4B81-AAB1-19E7753BC12C}.Debug|x86.Build.0 = Debug|Any CPU
		{0000B788-C206-4B81-AAB1-19E7753BC12C}.Release|Any CPU.ActiveCfg = Release|Any CPU
		{0000B788-C206-4B81-AAB1-19E7753BC12C}.Release|Any CPU.Build.0 = Release|Any CPU
		{0000B788-C206-4B81-AAB1-19E7753BC12C}.Release|x64.ActiveCfg = Release|Any CPU
		{0000B788-C206-4B81-AAB1-19E7753BC12C}.Release|x64.Build.0 = Release|Any CPU
		{0000B788-C206-4B81-AAB1-19E7753BC12C}.Release|x86.ActiveCfg = Release|Any CPU
		{0000B788-C206-4B81-AAB1-19E7753BC12C}.Release|x86.Build.0 = Release|Any CPU
		{05D960C9-36B7-4C93-9DA7-7AF671668E38}.Debug|Any CPU.ActiveCfg = Debug|Any CPU
		{05D960C9-36B7-4C93-9DA7-7AF671668E38}.Debug|Any CPU.Build.0 = Debug|Any CPU
		{05D960C9-36B7-4C93-9DA7-7AF671668E38}.Debug|x64.ActiveCfg = Debug|Any CPU
		{05D960C9-36B7-4C93-9DA7-7AF671668E38}.Debug|x64.Build.0 = Debug|Any CPU
		{05D960C9-36B7-4C93-9DA7-7AF671668E38}.Debug|x86.ActiveCfg = Debug|Any CPU
		{05D960C9-36B7-4C93-9DA7-7AF671668E38}.Debug|x86.Build.0 = Debug|Any CPU
		{05D960C9-36B7-4C93-9DA7-7AF671668E38}.Release|Any CPU.ActiveCfg = Release|Any CPU
		{05D960C9-36B7-4C93-9DA7-7AF671668E38}.Release|Any CPU.Build.0 = Release|Any CPU
		{05D960C9-36B7-4C93-9DA7-7AF671668E38}.Release|x64.ActiveCfg = Release|Any CPU
		{05D960C9-36B7-4C93-9DA7-7AF671668E38}.Release|x64.Build.0 = Release|Any CPU
		{05D960C9-36B7-4C93-9DA7-7AF671668E38}.Release|x86.ActiveCfg = Release|Any CPU
		{05D960C9-36B7-4C93-9DA7-7AF671668E38}.Release|x86.Build.0 = Release|Any CPU
		{84588E82-CC8A-405D-B5F9-A4774E861A3B}.Debug|Any CPU.ActiveCfg = Debug|Any CPU
		{84588E82-CC8A-405D-B5F9-A4774E861A3B}.Debug|Any CPU.Build.0 = Debug|Any CPU
		{84588E82-CC8A-405D-B5F9-A4774E861A3B}.Debug|x64.ActiveCfg = Debug|Any CPU
		{84588E82-CC8A-405D-B5F9-A4774E861A3B}.Debug|x64.Build.0 = Debug|Any CPU
		{84588E82-CC8A-405D-B5F9-A4774E861A3B}.Debug|x86.ActiveCfg = Debug|Any CPU
		{84588E82-CC8A-405D-B5F9-A4774E861A3B}.Debug|x86.Build.0 = Debug|Any CPU
		{84588E82-CC8A-405D-B5F9-A4774E861A3B}.Release|Any CPU.ActiveCfg = Release|Any CPU
		{84588E82-CC8A-405D-B5F9-A4774E861A3B}.Release|Any CPU.Build.0 = Release|Any CPU
		{84588E82-CC8A-405D-B5F9-A4774E861A3B}.Release|x64.ActiveCfg = Release|Any CPU
		{84588E82-CC8A-405D-B5F9-A4774E861A3B}.Release|x64.Build.0 = Release|Any CPU
		{84588E82-CC8A-405D-B5F9-A4774E861A3B}.Release|x86.ActiveCfg = Release|Any CPU
		{84588E82-CC8A-405D-B5F9-A4774E861A3B}.Release|x86.Build.0 = Release|Any CPU
	EndGlobalSection
	GlobalSection(NestedProjects) = preSolution
		{EA26C183-068A-4551-99DE-C452C5590CBD} = {4A267DF3-5C1D-47A0-B1FB-FBEB83E2C658}
		{559766DA-23B2-4B5F-AC37-8C101CDE9EA4} = {4A267DF3-5C1D-47A0-B1FB-FBEB83E2C658}
		{E30B89A5-A989-4EF7-8E44-A2E8DC6F9F32} = {4A267DF3-5C1D-47A0-B1FB-FBEB83E2C658}
		{367241DC-4F05-4D75-B7F2-7C75B5919631} = {4A267DF3-5C1D-47A0-B1FB-FBEB83E2C658}
		{0000B788-C206-4B81-AAB1-19E7753BC12C} = {E2936A4E-7EA8-4F3F-8E5F-34C84848CC5F}
		{05D960C9-36B7-4C93-9DA7-7AF671668E38} = {E2936A4E-7EA8-4F3F-8E5F-34C84848CC5F}
		{84588E82-CC8A-405D-B5F9-A4774E861A3B} = {4A267DF3-5C1D-47A0-B1FB-FBEB83E2C658}
	EndGlobalSection
EndGlobal
